
Microsoft Visual Studio Solution File, Format Version 12.00
# Visual Studio 15
VisualStudioVersion = 15.0.26228.4
MinimumVisualStudioVersion = 10.0.40219.1
Project("{9A19103F-16F7-4668-BE54-9A1E7A4F7556}") = "WebApp.AspNetCore", "WebApp.AspNetCore\WebApp.AspNetCore.csproj", "{AA007FD8-69AC-421F-8357-D005C32427EA}"
EndProject
Project("{2150E333-8FDC-42A3-9474-1A3956D46DE8}") = "REST", "REST", "{32592AD3-DF1D-4EB5-8A39-13586742AD1B}"
EndProject
Project("{2150E333-8FDC-42A3-9474-1A3956D46DE8}") = "Server", "Server", "{B7CB53E5-D03B-4328-B11B-C77E1E06D096}"
EndProject
Project("{FAE04EC0-301F-11D3-BF4B-00C04F79EFBC}") = "ServiceStack.SelfHost", "REST\Servers\ServiceStack.SelfHost\ServiceStack.SelfHost.csproj", "{1815322A-62BA-459D-9CFF-7C5F47BF4049}"
EndProject
Project("{FAE04EC0-301F-11D3-BF4B-00C04F79EFBC}") = "DataModels", "REST\Common\Models\DataModels.csproj", "{4BB0CA95-3B2C-4DA0-9991-478FFB211706}"
EndProject
Project("{FAE04EC0-301F-11D3-BF4B-00C04F79EFBC}") = "Core", "REST\Common\Core\Core.csproj", "{0F1782E2-7EFC-417C-BEE2-EBF37B96BA26}"
EndProject
Project("{FAE04EC0-301F-11D3-BF4B-00C04F79EFBC}") = "DocumentTestBed", "REST\Tests\DocumentHQTestBed\DocumentTestBed.csproj", "{72515A71-F84C-4020-9D4B-304E44D50CAF}"
EndProject
Project("{FAE04EC0-301F-11D3-BF4B-00C04F79EFBC}") = "DocumentHQCommonConfig", "REST\Helpers\DocumentHQCommonConfig\DocumentHQCommonConfig.csproj", "{4461CE5D-F9E1-45F0-BA6B-363209BD8FD1}"
EndProject
Project("{FAE04EC0-301F-11D3-BF4B-00C04F79EFBC}") = "AccountConfig", "REST\AccountConfig\AccountConfig.csproj", "{ACACF229-DF6E-4490-AAE9-08AE8D975F88}"
EndProject
Global
	GlobalSection(SolutionConfigurationPlatforms) = preSolution
		Debug|Any CPU = Debug|Any CPU
		Debug|x64 = Debug|x64
		Debug|x86 = Debug|x86
		rapidXl|Any CPU = rapidXl|Any CPU
		rapidXl|x64 = rapidXl|x64
		rapidXl|x86 = rapidXl|x86
		Release|Any CPU = Release|Any CPU
		Release|x64 = Release|x64
		Release|x86 = Release|x86
	EndGlobalSection
	GlobalSection(ProjectConfigurationPlatforms) = postSolution
		{AA007FD8-69AC-421F-8357-D005C32427EA}.Debug|Any CPU.ActiveCfg = Debug|Any CPU
		{AA007FD8-69AC-421F-8357-D005C32427EA}.Debug|Any CPU.Build.0 = Debug|Any CPU
		{AA007FD8-69AC-421F-8357-D005C32427EA}.Debug|x64.ActiveCfg = Debug|Any CPU
		{AA007FD8-69AC-421F-8357-D005C32427EA}.Debug|x64.Build.0 = Debug|Any CPU
		{AA007FD8-69AC-421F-8357-D005C32427EA}.Debug|x86.ActiveCfg = Debug|Any CPU
		{AA007FD8-69AC-421F-8357-D005C32427EA}.Debug|x86.Build.0 = Debug|Any CPU
		{AA007FD8-69AC-421F-8357-D005C32427EA}.rapidXl|Any CPU.ActiveCfg = Release|Any CPU
		{AA007FD8-69AC-421F-8357-D005C32427EA}.rapidXl|Any CPU.Build.0 = Release|Any CPU
		{AA007FD8-69AC-421F-8357-D005C32427EA}.rapidXl|x64.ActiveCfg = Release|Any CPU
		{AA007FD8-69AC-421F-8357-D005C32427EA}.rapidXl|x64.Build.0 = Release|Any CPU
		{AA007FD8-69AC-421F-8357-D005C32427EA}.rapidXl|x86.ActiveCfg = Release|Any CPU
		{AA007FD8-69AC-421F-8357-D005C32427EA}.rapidXl|x86.Build.0 = Release|Any CPU
		{AA007FD8-69AC-421F-8357-D005C32427EA}.Release|Any CPU.ActiveCfg = Release|Any CPU
		{AA007FD8-69AC-421F-8357-D005C32427EA}.Release|Any CPU.Build.0 = Release|Any CPU
		{AA007FD8-69AC-421F-8357-D005C32427EA}.Release|x64.ActiveCfg = Release|Any CPU
		{AA007FD8-69AC-421F-8357-D005C32427EA}.Release|x64.Build.0 = Release|Any CPU
		{AA007FD8-69AC-421F-8357-D005C32427EA}.Release|x86.ActiveCfg = Release|Any CPU
		{AA007FD8-69AC-421F-8357-D005C32427EA}.Release|x86.Build.0 = Release|Any CPU
		{1815322A-62BA-459D-9CFF-7C5F47BF4049}.Debug|Any CPU.ActiveCfg = Debug|Any CPU
		{1815322A-62BA-459D-9CFF-7C5F47BF4049}.Debug|Any CPU.Build.0 = Debug|Any CPU
		{1815322A-62BA-459D-9CFF-7C5F47BF4049}.Debug|x64.ActiveCfg = Debug|x86
		{1815322A-62BA-459D-9CFF-7C5F47BF4049}.Debug|x86.ActiveCfg = Debug|x86
		{1815322A-62BA-459D-9CFF-7C5F47BF4049}.Debug|x86.Build.0 = Debug|x86
		{1815322A-62BA-459D-9CFF-7C5F47BF4049}.rapidXl|Any CPU.ActiveCfg = Release|x86
		{1815322A-62BA-459D-9CFF-7C5F47BF4049}.rapidXl|Any CPU.Build.0 = Release|x86
		{1815322A-62BA-459D-9CFF-7C5F47BF4049}.rapidXl|x64.ActiveCfg = Release|x86
		{1815322A-62BA-459D-9CFF-7C5F47BF4049}.rapidXl|x64.Build.0 = Release|x86
		{1815322A-62BA-459D-9CFF-7C5F47BF4049}.rapidXl|x86.ActiveCfg = Release|x86
		{1815322A-62BA-459D-9CFF-7C5F47BF4049}.rapidXl|x86.Build.0 = Release|x86
		{1815322A-62BA-459D-9CFF-7C5F47BF4049}.Release|Any CPU.ActiveCfg = Release|Any CPU
		{1815322A-62BA-459D-9CFF-7C5F47BF4049}.Release|Any CPU.Build.0 = Release|Any CPU
		{1815322A-62BA-459D-9CFF-7C5F47BF4049}.Release|x64.ActiveCfg = Release|x86
		{1815322A-62BA-459D-9CFF-7C5F47BF4049}.Release|x86.ActiveCfg = Release|x86
		{1815322A-62BA-459D-9CFF-7C5F47BF4049}.Release|x86.Build.0 = Release|x86
		{4BB0CA95-3B2C-4DA0-9991-478FFB211706}.Debug|Any CPU.ActiveCfg = Debug|Any CPU
		{4BB0CA95-3B2C-4DA0-9991-478FFB211706}.Debug|Any CPU.Build.0 = Debug|Any CPU
		{4BB0CA95-3B2C-4DA0-9991-478FFB211706}.Debug|x64.ActiveCfg = Debug|Any CPU
		{4BB0CA95-3B2C-4DA0-9991-478FFB211706}.Debug|x64.Build.0 = Debug|Any CPU
		{4BB0CA95-3B2C-4DA0-9991-478FFB211706}.Debug|x86.ActiveCfg = Debug|Any CPU
		{4BB0CA95-3B2C-4DA0-9991-478FFB211706}.Debug|x86.Build.0 = Debug|Any CPU
		{4BB0CA95-3B2C-4DA0-9991-478FFB211706}.rapidXl|Any CPU.ActiveCfg = rapidXl|Any CPU
		{4BB0CA95-3B2C-4DA0-9991-478FFB211706}.rapidXl|Any CPU.Build.0 = rapidXl|Any CPU
		{4BB0CA95-3B2C-4DA0-9991-478FFB211706}.rapidXl|x64.ActiveCfg = rapidXl|Any CPU
		{4BB0CA95-3B2C-4DA0-9991-478FFB211706}.rapidXl|x64.Build.0 = rapidXl|Any CPU
		{4BB0CA95-3B2C-4DA0-9991-478FFB211706}.rapidXl|x86.ActiveCfg = rapidXl|Any CPU
		{4BB0CA95-3B2C-4DA0-9991-478FFB211706}.rapidXl|x86.Build.0 = rapidXl|Any CPU
		{4BB0CA95-3B2C-4DA0-9991-478FFB211706}.Release|Any CPU.ActiveCfg = Release|Any CPU
		{4BB0CA95-3B2C-4DA0-9991-478FFB211706}.Release|Any CPU.Build.0 = Release|Any CPU
		{4BB0CA95-3B2C-4DA0-9991-478FFB211706}.Release|x64.ActiveCfg = Release|Any CPU
		{4BB0CA95-3B2C-4DA0-9991-478FFB211706}.Release|x64.Build.0 = Release|Any CPU
		{4BB0CA95-3B2C-4DA0-9991-478FFB211706}.Release|x86.ActiveCfg = Release|Any CPU
		{4BB0CA95-3B2C-4DA0-9991-478FFB211706}.Release|x86.Build.0 = Release|Any CPU
		{0F1782E2-7EFC-417C-BEE2-EBF37B96BA26}.Debug|Any CPU.ActiveCfg = Debug|Any CPU
		{0F1782E2-7EFC-417C-BEE2-EBF37B96BA26}.Debug|Any CPU.Build.0 = Debug|Any CPU
		{0F1782E2-7EFC-417C-BEE2-EBF37B96BA26}.Debug|x64.ActiveCfg = Debug|Any CPU
		{0F1782E2-7EFC-417C-BEE2-EBF37B96BA26}.Debug|x64.Build.0 = Debug|Any CPU
		{0F1782E2-7EFC-417C-BEE2-EBF37B96BA26}.Debug|x86.ActiveCfg = Debug|Any CPU
		{0F1782E2-7EFC-417C-BEE2-EBF37B96BA26}.Debug|x86.Build.0 = Debug|Any CPU
		{0F1782E2-7EFC-417C-BEE2-EBF37B96BA26}.rapidXl|Any CPU.ActiveCfg = rapidXl|Any CPU
		{0F1782E2-7EFC-417C-BEE2-EBF37B96BA26}.rapidXl|Any CPU.Build.0 = rapidXl|Any CPU
		{0F1782E2-7EFC-417C-BEE2-EBF37B96BA26}.rapidXl|x64.ActiveCfg = rapidXl|Any CPU
		{0F1782E2-7EFC-417C-BEE2-EBF37B96BA26}.rapidXl|x64.Build.0 = rapidXl|Any CPU
		{0F1782E2-7EFC-417C-BEE2-EBF37B96BA26}.rapidXl|x86.ActiveCfg = rapidXl|Any CPU
		{0F1782E2-7EFC-417C-BEE2-EBF37B96BA26}.rapidXl|x86.Build.0 = rapidXl|Any CPU
		{0F1782E2-7EFC-417C-BEE2-EBF37B96BA26}.Release|Any CPU.ActiveCfg = Release|Any CPU
		{0F1782E2-7EFC-417C-BEE2-EBF37B96BA26}.Release|Any CPU.Build.0 = Release|Any CPU
		{0F1782E2-7EFC-417C-BEE2-EBF37B96BA26}.Release|x64.ActiveCfg = Release|Any CPU
		{0F1782E2-7EFC-417C-BEE2-EBF37B96BA26}.Release|x64.Build.0 = Release|Any CPU
		{0F1782E2-7EFC-417C-BEE2-EBF37B96BA26}.Release|x86.ActiveCfg = Release|Any CPU
		{0F1782E2-7EFC-417C-BEE2-EBF37B96BA26}.Release|x86.Build.0 = Release|Any CPU
		{72515A71-F84C-4020-9D4B-304E44D50CAF}.Debug|Any CPU.ActiveCfg = Debug|Any CPU
		{72515A71-F84C-4020-9D4B-304E44D50CAF}.Debug|Any CPU.Build.0 = Debug|Any CPU
		{72515A71-F84C-4020-9D4B-304E44D50CAF}.Debug|x64.ActiveCfg = Debug|x86
		{72515A71-F84C-4020-9D4B-304E44D50CAF}.Debug|x86.ActiveCfg = Debug|x86
		{72515A71-F84C-4020-9D4B-304E44D50CAF}.Debug|x86.Build.0 = Debug|x86
		{72515A71-F84C-4020-9D4B-304E44D50CAF}.rapidXl|Any CPU.ActiveCfg = Release|x86
		{72515A71-F84C-4020-9D4B-304E44D50CAF}.rapidXl|Any CPU.Build.0 = Release|x86
		{72515A71-F84C-4020-9D4B-304E44D50CAF}.rapidXl|x64.ActiveCfg = Release|x86
		{72515A71-F84C-4020-9D4B-304E44D50CAF}.rapidXl|x64.Build.0 = Release|x86
		{72515A71-F84C-4020-9D4B-304E44D50CAF}.rapidXl|x86.ActiveCfg = Release|x86
		{72515A71-F84C-4020-9D4B-304E44D50CAF}.rapidXl|x86.Build.0 = Release|x86
		{72515A71-F84C-4020-9D4B-304E44D50CAF}.Release|Any CPU.ActiveCfg = Release|Any CPU
		{72515A71-F84C-4020-9D4B-304E44D50CAF}.Release|Any CPU.Build.0 = Release|Any CPU
		{72515A71-F84C-4020-9D4B-304E44D50CAF}.Release|x64.ActiveCfg = Release|x86
		{72515A71-F84C-4020-9D4B-304E44D50CAF}.Release|x86.ActiveCfg = Release|x86
		{72515A71-F84C-4020-9D4B-304E44D50CAF}.Release|x86.Build.0 = Release|x86
		{4461CE5D-F9E1-45F0-BA6B-363209BD8FD1}.Debug|Any CPU.ActiveCfg = Debug|Any CPU
		{4461CE5D-F9E1-45F0-BA6B-363209BD8FD1}.Debug|Any CPU.Build.0 = Debug|Any CPU
		{4461CE5D-F9E1-45F0-BA6B-363209BD8FD1}.Debug|x64.ActiveCfg = Debug|Any CPU
		{4461CE5D-F9E1-45F0-BA6B-363209BD8FD1}.Debug|x64.Build.0 = Debug|Any CPU
		{4461CE5D-F9E1-45F0-BA6B-363209BD8FD1}.Debug|x86.ActiveCfg = Debug|Any CPU
		{4461CE5D-F9E1-45F0-BA6B-363209BD8FD1}.Debug|x86.Build.0 = Debug|Any CPU
		{4461CE5D-F9E1-45F0-BA6B-363209BD8FD1}.rapidXl|Any CPU.ActiveCfg = Release|Any CPU
		{4461CE5D-F9E1-45F0-BA6B-363209BD8FD1}.rapidXl|Any CPU.Build.0 = Release|Any CPU
		{4461CE5D-F9E1-45F0-BA6B-363209BD8FD1}.rapidXl|x64.ActiveCfg = Release|Any CPU
		{4461CE5D-F9E1-45F0-BA6B-363209BD8FD1}.rapidXl|x64.Build.0 = Release|Any CPU
		{4461CE5D-F9E1-45F0-BA6B-363209BD8FD1}.rapidXl|x86.ActiveCfg = Release|Any CPU
		{4461CE5D-F9E1-45F0-BA6B-363209BD8FD1}.rapidXl|x86.Build.0 = Release|Any CPU
		{4461CE5D-F9E1-45F0-BA6B-363209BD8FD1}.Release|Any CPU.ActiveCfg = Release|Any CPU
		{4461CE5D-F9E1-45F0-BA6B-363209BD8FD1}.Release|Any CPU.Build.0 = Release|Any CPU
		{4461CE5D-F9E1-45F0-BA6B-363209BD8FD1}.Release|x64.ActiveCfg = Release|Any CPU
		{4461CE5D-F9E1-45F0-BA6B-363209BD8FD1}.Release|x64.Build.0 = Release|Any CPU
		{4461CE5D-F9E1-45F0-BA6B-363209BD8FD1}.Release|x86.ActiveCfg = Release|Any CPU
		{4461CE5D-F9E1-45F0-BA6B-363209BD8FD1}.Release|x86.Build.0 = Release|Any CPU
		{ACACF229-DF6E-4490-AAE9-08AE8D975F88}.Debug|Any CPU.ActiveCfg = Debug|Any CPU
		{ACACF229-DF6E-4490-AAE9-08AE8D975F88}.Debug|Any CPU.Build.0 = Debug|Any CPU
		{ACACF229-DF6E-4490-AAE9-08AE8D975F88}.Debug|x64.ActiveCfg = Debug|Any CPU
		{ACACF229-DF6E-4490-AAE9-08AE8D975F88}.Debug|x64.Build.0 = Debug|Any CPU
		{ACACF229-DF6E-4490-AAE9-08AE8D975F88}.Debug|x86.ActiveCfg = Debug|Any CPU
		{ACACF229-DF6E-4490-AAE9-08AE8D975F88}.Debug|x86.Build.0 = Debug|Any CPU
		{ACACF229-DF6E-4490-AAE9-08AE8D975F88}.rapidXl|Any CPU.ActiveCfg = Release|Any CPU
		{ACACF229-DF6E-4490-AAE9-08AE8D975F88}.rapidXl|Any CPU.Build.0 = Release|Any CPU
		{ACACF229-DF6E-4490-AAE9-08AE8D975F88}.rapidXl|x64.ActiveCfg = Release|Any CPU
		{ACACF229-DF6E-4490-AAE9-08AE8D975F88}.rapidXl|x64.Build.0 = Release|Any CPU
		{ACACF229-DF6E-4490-AAE9-08AE8D975F88}.rapidXl|x86.ActiveCfg = Release|Any CPU
		{ACACF229-DF6E-4490-AAE9-08AE8D975F88}.rapidXl|x86.Build.0 = Release|Any CPU
		{ACACF229-DF6E-4490-AAE9-08AE8D975F88}.Release|Any CPU.ActiveCfg = Release|Any CPU
		{ACACF229-DF6E-4490-AAE9-08AE8D975F88}.Release|Any CPU.Build.0 = Release|Any CPU
		{ACACF229-DF6E-4490-AAE9-08AE8D975F88}.Release|x64.ActiveCfg = Release|Any CPU
		{ACACF229-DF6E-4490-AAE9-08AE8D975F88}.Release|x64.Build.0 = Release|Any CPU
		{ACACF229-DF6E-4490-AAE9-08AE8D975F88}.Release|x86.ActiveCfg = Release|Any CPU
		{ACACF229-DF6E-4490-AAE9-08AE8D975F88}.Release|x86.Build.0 = Release|Any CPU
	EndGlobalSection
	GlobalSection(SolutionProperties) = preSolution
		HideSolutionNode = FALSE
	EndGlobalSection
	GlobalSection(NestedProjects) = preSolution
		{B7CB53E5-D03B-4328-B11B-C77E1E06D096} = {32592AD3-DF1D-4EB5-8A39-13586742AD1B}
		{1815322A-62BA-459D-9CFF-7C5F47BF4049} = {B7CB53E5-D03B-4328-B11B-C77E1E06D096}
		{4BB0CA95-3B2C-4DA0-9991-478FFB211706} = {32592AD3-DF1D-4EB5-8A39-13586742AD1B}
		{0F1782E2-7EFC-417C-BEE2-EBF37B96BA26} = {32592AD3-DF1D-4EB5-8A39-13586742AD1B}
		{72515A71-F84C-4020-9D4B-304E44D50CAF} = {32592AD3-DF1D-4EB5-8A39-13586742AD1B}
		{ACACF229-DF6E-4490-AAE9-08AE8D975F88} = {32592AD3-DF1D-4EB5-8A39-13586742AD1B}
	EndGlobalSection
EndGlobal
